
Microsoft Visual Studio Solution File, Format Version 12.00
# Visual Studio Version 16
VisualStudioVersion = 16.0.31624.102
MinimumVisualStudioVersion = 10.0.40219.1
Project("{FAE04EC0-301F-11D3-BF4B-00C04F79EFBC}") = "workOrHoliday2", "workOrHoliday2\workOrHoliday2.csproj", "{24F96D30-0BE4-4856-AAD5-E02845BBC5F3}"
EndProject
Global
	GlobalSection(SolutionConfigurationPlatforms) = preSolution
		Debug|Any CPU = Debug|Any CPU
		Release|Any CPU = Release|Any CPU
	EndGlobalSection
	GlobalSection(ProjectConfigurationPlatforms) = postSolution
		{24F96D30-0BE4-4856-AAD5-E02845BBC5F3}.Debug|Any CPU.ActiveCfg = Debug|Any CPU
		{24F96D30-0BE4-4856-AAD5-E02845BBC5F3}.Debug|Any CPU.Build.0 = Debug|Any CPU
		{24F96D30-0BE4-4856-AAD5-E02845BBC5F3}.Release|Any CPU.ActiveCfg = Release|Any CPU
		{24F96D30-0BE4-4856-AAD5-E02845BBC5F3}.Release|Any CPU.Build.0 = Release|Any CPU
	EndGlobalSection
	GlobalSection(SolutionProperties) = preSolution
		HideSolutionNode = FALSE
	EndGlobalSection
	GlobalSection(ExtensibilityGlobals) = postSolution
		SolutionGuid = {79092B34-E299-4B92-8810-38FFF0319CE8}
	EndGlobalSection
EndGlobal
