
Microsoft Visual Studio Solution File, Format Version 12.00
# Visual Studio Version 16
VisualStudioVersion = 16.0.31624.102
MinimumVisualStudioVersion = 10.0.40219.1
Project("{FAE04EC0-301F-11D3-BF4B-00C04F79EFBC}") = "PartTimeStudent_2", "PartTimeStudent_2\PartTimeStudent_2.csproj", "{22248365-96F7-489C-A2E1-4725A480734E}"
EndProject
Global
	GlobalSection(SolutionConfigurationPlatforms) = preSolution
		Debug|Any CPU = Debug|Any CPU
		Release|Any CPU = Release|Any CPU
	EndGlobalSection
	GlobalSection(ProjectConfigurationPlatforms) = postSolution
		{22248365-96F7-489C-A2E1-4725A480734E}.Debug|Any CPU.ActiveCfg = Debug|Any CPU
		{22248365-96F7-489C-A2E1-4725A480734E}.Debug|Any CPU.Build.0 = Debug|Any CPU
		{22248365-96F7-489C-A2E1-4725A480734E}.Release|Any CPU.ActiveCfg = Release|Any CPU
		{22248365-96F7-489C-A2E1-4725A480734E}.Release|Any CPU.Build.0 = Release|Any CPU
	EndGlobalSection
	GlobalSection(SolutionProperties) = preSolution
		HideSolutionNode = FALSE
	EndGlobalSection
	GlobalSection(ExtensibilityGlobals) = postSolution
		SolutionGuid = {EC4B4C3A-E3D6-42E5-8A6C-14208759DFB3}
	EndGlobalSection
EndGlobal
