
Microsoft Visual Studio Solution File, Format Version 12.00
# Visual Studio Version 16
VisualStudioVersion = 16.0.31624.102
MinimumVisualStudioVersion = 10.0.40219.1
Project("{FAE04EC0-301F-11D3-BF4B-00C04F79EFBC}") = "Circle", "Circle\Circle.csproj", "{3233AC44-C3C4-49A1-98CE-0644F329BBE0}"
EndProject
Global
	GlobalSection(SolutionConfigurationPlatforms) = preSolution
		Debug|Any CPU = Debug|Any CPU
		Release|Any CPU = Release|Any CPU
	EndGlobalSection
	GlobalSection(ProjectConfigurationPlatforms) = postSolution
		{3233AC44-C3C4-49A1-98CE-0644F329BBE0}.Debug|Any CPU.ActiveCfg = Debug|Any CPU
		{3233AC44-C3C4-49A1-98CE-0644F329BBE0}.Debug|Any CPU.Build.0 = Debug|Any CPU
		{3233AC44-C3C4-49A1-98CE-0644F329BBE0}.Release|Any CPU.ActiveCfg = Release|Any CPU
		{3233AC44-C3C4-49A1-98CE-0644F329BBE0}.Release|Any CPU.Build.0 = Release|Any CPU
	EndGlobalSection
	GlobalSection(SolutionProperties) = preSolution
		HideSolutionNode = FALSE
	EndGlobalSection
	GlobalSection(ExtensibilityGlobals) = postSolution
		SolutionGuid = {D13A2D7F-C151-431A-9F8E-9EA85E179C22}
	EndGlobalSection
EndGlobal
